
Microsoft Visual Studio Solution File, Format Version 12.00
# Visual Studio 2013
VisualStudioVersion = 12.0.21005.1
MinimumVisualStudioVersion = 10.0.40219.1
Project("{FAE04EC0-301F-11D3-BF4B-00C04F79EFBC}") = "consoleapp", "consoleapp\consoleapp.csproj", "{AFAA767D-5172-4818-B159-796EEDC0E1F4}"
EndProject
Project("{FAE04EC0-301F-11D3-BF4B-00C04F79EFBC}") = "winformapp", "winformapp\winformapp.csproj", "{55EFF05D-EAA9-4A8F-92F4-58E31FC445CB}"
EndProject
Project("{FAE04EC0-301F-11D3-BF4B-00C04F79EFBC}") = "Configurations", "Configurations\Configurations.csproj", "{26166814-B906-4537-A32E-9CB576FCA600}"
EndProject
Global
	GlobalSection(SolutionConfigurationPlatforms) = preSolution
		Debug|Any CPU = Debug|Any CPU
		Release|Any CPU = Release|Any CPU
	EndGlobalSection
	GlobalSection(ProjectConfigurationPlatforms) = postSolution
		{AFAA767D-5172-4818-B159-796EEDC0E1F4}.Debug|Any CPU.ActiveCfg = Debug|Any CPU
		{AFAA767D-5172-4818-B159-796EEDC0E1F4}.Debug|Any CPU.Build.0 = Debug|Any CPU
		{AFAA767D-5172-4818-B159-796EEDC0E1F4}.Release|Any CPU.ActiveCfg = Release|Any CPU
		{AFAA767D-5172-4818-B159-796EEDC0E1F4}.Release|Any CPU.Build.0 = Release|Any CPU
		{55EFF05D-EAA9-4A8F-92F4-58E31FC445CB}.Debug|Any CPU.ActiveCfg = Debug|Any CPU
		{55EFF05D-EAA9-4A8F-92F4-58E31FC445CB}.Debug|Any CPU.Build.0 = Debug|Any CPU
		{55EFF05D-EAA9-4A8F-92F4-58E31FC445CB}.Release|Any CPU.ActiveCfg = Release|Any CPU
		{55EFF05D-EAA9-4A8F-92F4-58E31FC445CB}.Release|Any CPU.Build.0 = Release|Any CPU
		{26166814-B906-4537-A32E-9CB576FCA600}.Debug|Any CPU.ActiveCfg = Debug|Any CPU
		{26166814-B906-4537-A32E-9CB576FCA600}.Debug|Any CPU.Build.0 = Debug|Any CPU
		{26166814-B906-4537-A32E-9CB576FCA600}.Release|Any CPU.ActiveCfg = Release|Any CPU
		{26166814-B906-4537-A32E-9CB576FCA600}.Release|Any CPU.Build.0 = Release|Any CPU
	EndGlobalSection
	GlobalSection(SolutionProperties) = preSolution
		HideSolutionNode = FALSE
	EndGlobalSection
EndGlobal
